// !$*UTF8*$!
{
	archiveVersion = 1;
	classes = {
	};
	objectVersion = 46;
	objects = {

/* Begin PBXBuildFile section */
		5A2AB56A1E1B566B002D1F30 /* main.m in Sources */ = {isa = PBXBuildFile; fileRef = 5A2AB5691E1B566B002D1F30 /* main.m */; };
		5A2AB56D1E1B566B002D1F30 /* AppDelegate.m in Sources */ = {isa = PBXBuildFile; fileRef = 5A2AB56C1E1B566B002D1F30 /* AppDelegate.m */; };
		5A2AB5701E1B566B002D1F30 /* ViewController.m in Sources */ = {isa = PBXBuildFile; fileRef = 5A2AB56F1E1B566B002D1F30 /* ViewController.m */; };
		5A2AB5731E1B566B002D1F30 /* Main.storyboard in Resources */ = {isa = PBXBuildFile; fileRef = 5A2AB5711E1B566B002D1F30 /* Main.storyboard */; };
		5A2AB5751E1B566B002D1F30 /* Assets.xcassets in Resources */ = {isa = PBXBuildFile; fileRef = 5A2AB5741E1B566B002D1F30 /* Assets.xcassets */; };
		5A2AB5781E1B566B002D1F30 /* LaunchScreen.storyboard in Resources */ = {isa = PBXBuildFile; fileRef = 5A2AB5761E1B566B002D1F30 /* LaunchScreen.storyboard */; };
		5A2AB5831E1B566B002D1F30 /* _________Tests.m in Sources */ = {isa = PBXBuildFile; fileRef = 5A2AB5821E1B566B002D1F30 /* _________Tests.m */; };
		5A2AB58E1E1B566C002D1F30 /* _________UITests.m in Sources */ = {isa = PBXBuildFile; fileRef = 5A2AB58D1E1B566C002D1F30 /* _________UITests.m */; };
		5A2AB5A31E1B91D2002D1F30 /* SearchResultViewController.m in Sources */ = {isa = PBXBuildFile; fileRef = 5A2AB5A21E1B91D2002D1F30 /* SearchResultViewController.m */; };
		5AD6845E1E1C9C16005BED06 /* close@2x.png in Resources */ = {isa = PBXBuildFile; fileRef = 5AD6845A1E1C9C16005BED06 /* close@2x.png */; };
		5AD6845F1E1C9C16005BED06 /* LCSearchBarView.m in Sources */ = {isa = PBXBuildFile; fileRef = 5AD6845C1E1C9C16005BED06 /* LCSearchBarView.m */; };
		5AD684601E1C9C16005BED06 /* search@2x.png in Resources */ = {isa = PBXBuildFile; fileRef = 5AD6845D1E1C9C16005BED06 /* search@2x.png */; };
/* End PBXBuildFile section */

/* Begin PBXContainerItemProxy section */
		5A2AB57F1E1B566B002D1F30 /* PBXContainerItemProxy */ = {
			isa = PBXContainerItemProxy;
			containerPortal = 5A2AB55D1E1B566B002D1F30 /* Project object */;
			proxyType = 1;
			remoteGlobalIDString = 5A2AB5641E1B566B002D1F30;
			remoteInfo = "导航栏自定义搜索框";
		};
		5A2AB58A1E1B566C002D1F30 /* PBXContainerItemProxy */ = {
			isa = PBXContainerItemProxy;
			containerPortal = 5A2AB55D1E1B566B002D1F30 /* Project object */;
			proxyType = 1;
			remoteGlobalIDString = 5A2AB5641E1B566B002D1F30;
			remoteInfo = "导航栏自定义搜索框";
		};
/* End PBXContainerItemProxy section */

/* Begin PBXFileReference section */
		5A2AB5651E1B566B002D1F30 /* 导航栏自定义搜索框.app */ = {isa = PBXFileReference; explicitFileType = wrapper.application; includeInIndex = 0; path = "导航栏自定义搜索框.app"; sourceTree = BUILT_PRODUCTS_DIR; };
		5A2AB5691E1B566B002D1F30 /* main.m */ = {isa = PBXFileReference; lastKnownFileType = sourcecode.c.objc; path = main.m; sourceTree = "<group>"; };
		5A2AB56B1E1B566B002D1F30 /* AppDelegate.h */ = {isa = PBXFileReference; lastKnownFileType = sourcecode.c.h; path = AppDelegate.h; sourceTree = "<group>"; };
		5A2AB56C1E1B566B002D1F30 /* AppDelegate.m */ = {isa = PBXFileReference; lastKnownFileType = sourcecode.c.objc; path = AppDelegate.m; sourceTree = "<group>"; };
		5A2AB56E1E1B566B002D1F30 /* ViewController.h */ = {isa = PBXFileReference; lastKnownFileType = sourcecode.c.h; path = ViewController.h; sourceTree = "<group>"; };
		5A2AB56F1E1B566B002D1F30 /* ViewController.m */ = {isa = PBXFileReference; lastKnownFileType = sourcecode.c.objc; path = ViewController.m; sourceTree = "<group>"; };
		5A2AB5721E1B566B002D1F30 /* Base */ = {isa = PBXFileReference; lastKnownFileType = file.storyboard; name = Base; path = Base.lproj/Main.storyboard; sourceTree = "<group>"; };
		5A2AB5741E1B566B002D1F30 /* Assets.xcassets */ = {isa = PBXFileReference; lastKnownFileType = folder.assetcatalog; path = Assets.xcassets; sourceTree = "<group>"; };
		5A2AB5771E1B566B002D1F30 /* Base */ = {isa = PBXFileReference; lastKnownFileType = file.storyboard; name = Base; path = Base.lproj/LaunchScreen.storyboard; sourceTree = "<group>"; };
		5A2AB5791E1B566B002D1F30 /* Info.plist */ = {isa = PBXFileReference; lastKnownFileType = text.plist.xml; path = Info.plist; sourceTree = "<group>"; };
		5A2AB57E1E1B566B002D1F30 /* 导航栏自定义搜索框Tests.xctest */ = {isa = PBXFileReference; explicitFileType = wrapper.cfbundle; includeInIndex = 0; path = "导航栏自定义搜索框Tests.xctest"; sourceTree = BUILT_PRODUCTS_DIR; };
		5A2AB5821E1B566B002D1F30 /* _________Tests.m */ = {isa = PBXFileReference; lastKnownFileType = sourcecode.c.objc; path = "_________Tests.m"; sourceTree = "<group>"; };
		5A2AB5841E1B566B002D1F30 /* Info.plist */ = {isa = PBXFileReference; lastKnownFileType = text.plist.xml; path = Info.plist; sourceTree = "<group>"; };
		5A2AB5891E1B566B002D1F30 /* 导航栏自定义搜索框UITests.xctest */ = {isa = PBXFileReference; explicitFileType = wrapper.cfbundle; includeInIndex = 0; path = "导航栏自定义搜索框UITests.xctest"; sourceTree = BUILT_PRODUCTS_DIR; };
		5A2AB58D1E1B566C002D1F30 /* _________UITests.m */ = {isa = PBXFileReference; lastKnownFileType = sourcecode.c.objc; path = "_________UITests.m"; sourceTree = "<group>"; };
		5A2AB58F1E1B566C002D1F30 /* Info.plist */ = {isa = PBXFileReference; lastKnownFileType = text.plist.xml; path = Info.plist; sourceTree = "<group>"; };
		5A2AB5A11E1B91D2002D1F30 /* SearchResultViewController.h */ = {isa = PBXFileReference; fileEncoding = 4; lastKnownFileType = sourcecode.c.h; path = SearchResultViewController.h; sourceTree = "<group>"; };
		5A2AB5A21E1B91D2002D1F30 /* SearchResultViewController.m */ = {isa = PBXFileReference; fileEncoding = 4; lastKnownFileType = sourcecode.c.objc; path = SearchResultViewController.m; sourceTree = "<group>"; };
		5AD6845A1E1C9C16005BED06 /* close@2x.png */ = {isa = PBXFileReference; lastKnownFileType = image.png; path = "close@2x.png"; sourceTree = "<group>"; };
		5AD6845B1E1C9C16005BED06 /* LCSearchBarView.h */ = {isa = PBXFileReference; fileEncoding = 4; lastKnownFileType = sourcecode.c.h; path = LCSearchBarView.h; sourceTree = "<group>"; };
		5AD6845C1E1C9C16005BED06 /* LCSearchBarView.m */ = {isa = PBXFileReference; fileEncoding = 4; lastKnownFileType = sourcecode.c.objc; path = LCSearchBarView.m; sourceTree = "<group>"; };
		5AD6845D1E1C9C16005BED06 /* search@2x.png */ = {isa = PBXFileReference; lastKnownFileType = image.png; path = "search@2x.png"; sourceTree = "<group>"; };
/* End PBXFileReference section */

/* Begin PBXFrameworksBuildPhase section */
		5A2AB5621E1B566B002D1F30 /* Frameworks */ = {
			isa = PBXFrameworksBuildPhase;
			buildActionMask = 2147483647;
			files = (
			);
			runOnlyForDeploymentPostprocessing = 0;
		};
		5A2AB57B1E1B566B002D1F30 /* Frameworks */ = {
			isa = PBXFrameworksBuildPhase;
			buildActionMask = 2147483647;
			files = (
			);
			runOnlyForDeploymentPostprocessing = 0;
		};
		5A2AB5861E1B566B002D1F30 /* Frameworks */ = {
			isa = PBXFrameworksBuildPhase;
			buildActionMask = 2147483647;
			files = (
			);
			runOnlyForDeploymentPostprocessing = 0;
		};
/* End PBXFrameworksBuildPhase section */

/* Begin PBXGroup section */
		5A2AB55C1E1B566B002D1F30 = {
			isa = PBXGroup;
			children = (
				5A2AB5671E1B566B002D1F30 /* 导航栏自定义搜索框 */,
				5A2AB5811E1B566B002D1F30 /* 导航栏自定义搜索框Tests */,
				5A2AB58C1E1B566C002D1F30 /* 导航栏自定义搜索框UITests */,
				5A2AB5661E1B566B002D1F30 /* Products */,
			);
			sourceTree = "<group>";
		};
		5A2AB5661E1B566B002D1F30 /* Products */ = {
			isa = PBXGroup;
			children = (
				5A2AB5651E1B566B002D1F30 /* 导航栏自定义搜索框.app */,
				5A2AB57E1E1B566B002D1F30 /* 导航栏自定义搜索框Tests.xctest */,
				5A2AB5891E1B566B002D1F30 /* 导航栏自定义搜索框UITests.xctest */,
			);
			name = Products;
			sourceTree = "<group>";
		};
		5A2AB5671E1B566B002D1F30 /* 导航栏自定义搜索框 */ = {
			isa = PBXGroup;
			children = (
				5AD684591E1C9C16005BED06 /* LCSearchBarView */,
				5A2AB56B1E1B566B002D1F30 /* AppDelegate.h */,
				5A2AB56C1E1B566B002D1F30 /* AppDelegate.m */,
				5A2AB56E1E1B566B002D1F30 /* ViewController.h */,
				5A2AB56F1E1B566B002D1F30 /* ViewController.m */,
				5A2AB5A11E1B91D2002D1F30 /* SearchResultViewController.h */,
				5A2AB5A21E1B91D2002D1F30 /* SearchResultViewController.m */,
				5A2AB5711E1B566B002D1F30 /* Main.storyboard */,
				5A2AB5741E1B566B002D1F30 /* Assets.xcassets */,
				5A2AB5761E1B566B002D1F30 /* LaunchScreen.storyboard */,
				5A2AB5791E1B566B002D1F30 /* Info.plist */,
				5A2AB5681E1B566B002D1F30 /* Supporting Files */,
			);
			path = "导航栏自定义搜索框";
			sourceTree = "<group>";
		};
		5A2AB5681E1B566B002D1F30 /* Supporting Files */ = {
			isa = PBXGroup;
			children = (
				5A2AB5691E1B566B002D1F30 /* main.m */,
			);
			name = "Supporting Files";
			sourceTree = "<group>";
		};
		5A2AB5811E1B566B002D1F30 /* 导航栏自定义搜索框Tests */ = {
			isa = PBXGroup;
			children = (
				5A2AB5821E1B566B002D1F30 /* _________Tests.m */,
				5A2AB5841E1B566B002D1F30 /* Info.plist */,
			);
			path = "导航栏自定义搜索框Tests";
			sourceTree = "<group>";
		};
		5A2AB58C1E1B566C002D1F30 /* 导航栏自定义搜索框UITests */ = {
			isa = PBXGroup;
			children = (
				5A2AB58D1E1B566C002D1F30 /* _________UITests.m */,
				5A2AB58F1E1B566C002D1F30 /* Info.plist */,
			);
			path = "导航栏自定义搜索框UITests";
			sourceTree = "<group>";
		};
		5AD684591E1C9C16005BED06 /* LCSearchBarView */ = {
			isa = PBXGroup;
			children = (
				5AD6845A1E1C9C16005BED06 /* close@2x.png */,
				5AD6845B1E1C9C16005BED06 /* LCSearchBarView.h */,
				5AD6845C1E1C9C16005BED06 /* LCSearchBarView.m */,
				5AD6845D1E1C9C16005BED06 /* search@2x.png */,
			);
			path = LCSearchBarView;
			sourceTree = "<group>";
		};
/* End PBXGroup section */

/* Begin PBXNativeTarget section */
		5A2AB5641E1B566B002D1F30 /* 导航栏自定义搜索框 */ = {
			isa = PBXNativeTarget;
			buildConfigurationList = 5A2AB5921E1B566C002D1F30 /* Build configuration list for PBXNativeTarget "导航栏自定义搜索框" */;
			buildPhases = (
				5A2AB5611E1B566B002D1F30 /* Sources */,
				5A2AB5621E1B566B002D1F30 /* Frameworks */,
				5A2AB5631E1B566B002D1F30 /* Resources */,
			);
			buildRules = (
			);
			dependencies = (
			);
			name = "导航栏自定义搜索框";
			productName = "导航栏自定义搜索框";
			productReference = 5A2AB5651E1B566B002D1F30 /* 导航栏自定义搜索框.app */;
			productType = "com.apple.product-type.application";
		};
		5A2AB57D1E1B566B002D1F30 /* 导航栏自定义搜索框Tests */ = {
			isa = PBXNativeTarget;
			buildConfigurationList = 5A2AB5951E1B566C002D1F30 /* Build configuration list for PBXNativeTarget "导航栏自定义搜索框Tests" */;
			buildPhases = (
				5A2AB57A1E1B566B002D1F30 /* Sources */,
				5A2AB57B1E1B566B002D1F30 /* Frameworks */,
				5A2AB57C1E1B566B002D1F30 /* Resources */,
			);
			buildRules = (
			);
			dependencies = (
				5A2AB5801E1B566B002D1F30 /* PBXTargetDependency */,
			);
			name = "导航栏自定义搜索框Tests";
			productName = "导航栏自定义搜索框Tests";
			productReference = 5A2AB57E1E1B566B002D1F30 /* 导航栏自定义搜索框Tests.xctest */;
			productType = "com.apple.product-type.bundle.unit-test";
		};
		5A2AB5881E1B566B002D1F30 /* 导航栏自定义搜索框UITests */ = {
			isa = PBXNativeTarget;
			buildConfigurationList = 5A2AB5981E1B566C002D1F30 /* Build configuration list for PBXNativeTarget "导航栏自定义搜索框UITests" */;
			buildPhases = (
				5A2AB5851E1B566B002D1F30 /* Sources */,
				5A2AB5861E1B566B002D1F30 /* Frameworks */,
				5A2AB5871E1B566B002D1F30 /* Resources */,
			);
			buildRules = (
			);
			dependencies = (
				5A2AB58B1E1B566C002D1F30 /* PBXTargetDependency */,
			);
			name = "导航栏自定义搜索框UITests";
			productName = "导航栏自定义搜索框UITests";
			productReference = 5A2AB5891E1B566B002D1F30 /* 导航栏自定义搜索框UITests.xctest */;
			productType = "com.apple.product-type.bundle.ui-testing";
		};
/* End PBXNativeTarget section */

/* Begin PBXProject section */
		5A2AB55D1E1B566B002D1F30 /* Project object */ = {
			isa = PBXProject;
			attributes = {
				LastUpgradeCheck = 0820;
				ORGANIZATIONNAME = LiCheng;
				TargetAttributes = {
					5A2AB5641E1B566B002D1F30 = {
						CreatedOnToolsVersion = 8.2.1;
						DevelopmentTeam = 756Z777W2K;
						ProvisioningStyle = Automatic;
					};
					5A2AB57D1E1B566B002D1F30 = {
						CreatedOnToolsVersion = 8.2.1;
						DevelopmentTeam = 756Z777W2K;
						ProvisioningStyle = Automatic;
						TestTargetID = 5A2AB5641E1B566B002D1F30;
					};
					5A2AB5881E1B566B002D1F30 = {
						CreatedOnToolsVersion = 8.2.1;
						DevelopmentTeam = 756Z777W2K;
						ProvisioningStyle = Automatic;
						TestTargetID = 5A2AB5641E1B566B002D1F30;
					};
				};
			};
			buildConfigurationList = 5A2AB5601E1B566B002D1F30 /* Build configuration list for PBXProject "导航栏自定义搜索框" */;
			compatibilityVersion = "Xcode 3.2";
			developmentRegion = English;
			hasScannedForEncodings = 0;
			knownRegions = (
				en,
				Base,
			);
			mainGroup = 5A2AB55C1E1B566B002D1F30;
			productRefGroup = 5A2AB5661E1B566B002D1F30 /* Products */;
			projectDirPath = "";
			projectRoot = "";
			targets = (
				5A2AB5641E1B566B002D1F30 /* 导航栏自定义搜索框 */,
				5A2AB57D1E1B566B002D1F30 /* 导航栏自定义搜索框Tests */,
				5A2AB5881E1B566B002D1F30 /* 导航栏自定义搜索框UITests */,
			);
		};
/* End PBXProject section */

/* Begin PBXResourcesBuildPhase section */
		5A2AB5631E1B566B002D1F30 /* Resources */ = {
			isa = PBXResourcesBuildPhase;
			buildActionMask = 2147483647;
			files = (
				5A2AB5781E1B566B002D1F30 /* LaunchScreen.storyboard in Resources */,
				5A2AB5751E1B566B002D1F30 /* Assets.xcassets in Resources */,
				5A2AB5731E1B566B002D1F30 /* Main.storyboard in Resources */,
				5AD684601E1C9C16005BED06 /* search@2x.png in Resources */,
				5AD6845E1E1C9C16005BED06 /* close@2x.png in Resources */,
			);
			runOnlyForDeploymentPostprocessing = 0;
		};
		5A2AB57C1E1B566B002D1F30 /* Resources */ = {
			isa = PBXResourcesBuildPhase;
			buildActionMask = 2147483647;
			files = (
			);
			runOnlyForDeploymentPostprocessing = 0;
		};
		5A2AB5871E1B566B002D1F30 /* Resources */ = {
			isa = PBXResourcesBuildPhase;
			buildActionMask = 2147483647;
			files = (
			);
			runOnlyForDeploymentPostprocessing = 0;
		};
/* End PBXResourcesBuildPhase section */

/* Begin PBXSourcesBuildPhase section */
		5A2AB5611E1B566B002D1F30 /* Sources */ = {
			isa = PBXSourcesBuildPhase;
			buildActionMask = 2147483647;
			files = (
				5A2AB5701E1B566B002D1F30 /* ViewController.m in Sources */,
				5AD6845F1E1C9C16005BED06 /* LCSearchBarView.m in Sources */,
				5A2AB5A31E1B91D2002D1F30 /* SearchResultViewController.m in Sources */,
				5A2AB56D1E1B566B002D1F30 /* AppDelegate.m in Sources */,
				5A2AB56A1E1B566B002D1F30 /* main.m in Sources */,
			);
			runOnlyForDeploymentPostprocessing = 0;
		};
		5A2AB57A1E1B566B002D1F30 /* Sources */ = {
			isa = PBXSourcesBuildPhase;
			buildActionMask = 2147483647;
			files = (
				5A2AB5831E1B566B002D1F30 /* _________Tests.m in Sources */,
			);
			runOnlyForDeploymentPostprocessing = 0;
		};
		5A2AB5851E1B566B002D1F30 /* Sources */ = {
			isa = PBXSourcesBuildPhase;
			buildActionMask = 2147483647;
			files = (
				5A2AB58E1E1B566C002D1F30 /* _________UITests.m in Sources */,
			);
			runOnlyForDeploymentPostprocessing = 0;
		};
/* End PBXSourcesBuildPhase section */

/* Begin PBXTargetDependency section */
		5A2AB5801E1B566B002D1F30 /* PBXTargetDependency */ = {
			isa = PBXTargetDependency;
			target = 5A2AB5641E1B566B002D1F30 /* 导航栏自定义搜索框 */;
			targetProxy = 5A2AB57F1E1B566B002D1F30 /* PBXContainerItemProxy */;
		};
		5A2AB58B1E1B566C002D1F30 /* PBXTargetDependency */ = {
			isa = PBXTargetDependency;
			target = 5A2AB5641E1B566B002D1F30 /* 导航栏自定义搜索框 */;
			targetProxy = 5A2AB58A1E1B566C002D1F30 /* PBXContainerItemProxy */;
		};
/* End PBXTargetDependency section */

/* Begin PBXVariantGroup section */
		5A2AB5711E1B566B002D1F30 /* Main.storyboard */ = {
			isa = PBXVariantGroup;
			children = (
				5A2AB5721E1B566B002D1F30 /* Base */,
			);
			name = Main.storyboard;
			sourceTree = "<group>";
		};
		5A2AB5761E1B566B002D1F30 /* LaunchScreen.storyboard */ = {
			isa = PBXVariantGroup;
			children = (
				5A2AB5771E1B566B002D1F30 /* Base */,
			);
			name = LaunchScreen.storyboard;
			sourceTree = "<group>";
		};
/* End PBXVariantGroup section */

/* Begin XCBuildConfiguration section */
		5A2AB5901E1B566C002D1F30 /* Debug */ = {
			isa = XCBuildConfiguration;
			buildSettings = {
				ALWAYS_SEARCH_USER_PATHS = NO;
				CLANG_ANALYZER_NONNULL = YES;
				CLANG_CXX_LANGUAGE_STANDARD = "gnu++0x";
				CLANG_CXX_LIBRARY = "libc++";
				CLANG_ENABLE_MODULES = YES;
				CLANG_ENABLE_OBJC_ARC = YES;
				CLANG_WARN_BOOL_CONVERSION = YES;
				CLANG_WARN_CONSTANT_CONVERSION = YES;
				CLANG_WARN_DIRECT_OBJC_ISA_USAGE = YES_ERROR;
				CLANG_WARN_DOCUMENTATION_COMMENTS = YES;
				CLANG_WARN_EMPTY_BODY = YES;
				CLANG_WARN_ENUM_CONVERSION = YES;
				CLANG_WARN_INFINITE_RECURSION = YES;
				CLANG_WARN_INT_CONVERSION = YES;
				CLANG_WARN_OBJC_ROOT_CLASS = YES_ERROR;
				CLANG_WARN_SUSPICIOUS_MOVE = YES;
				CLANG_WARN_UNREACHABLE_CODE = YES;
				CLANG_WARN__DUPLICATE_METHOD_MATCH = YES;
				"CODE_SIGN_IDENTITY[sdk=iphoneos*]" = "iPhone Developer";
				COPY_PHASE_STRIP = NO;
				DEBUG_INFORMATION_FORMAT = dwarf;
				ENABLE_STRICT_OBJC_MSGSEND = YES;
				ENABLE_TESTABILITY = YES;
				GCC_C_LANGUAGE_STANDARD = gnu99;
				GCC_DYNAMIC_NO_PIC = NO;
				GCC_NO_COMMON_BLOCKS = YES;
				GCC_OPTIMIZATION_LEVEL = 0;
				GCC_PREPROCESSOR_DEFINITIONS = (
					"DEBUG=1",
					"$(inherited)",
				);
				GCC_WARN_64_TO_32_BIT_CONVERSION = YES;
				GCC_WARN_ABOUT_RETURN_TYPE = YES_ERROR;
				GCC_WARN_UNDECLARED_SELECTOR = YES;
				GCC_WARN_UNINITIALIZED_AUTOS = YES_AGGRESSIVE;
				GCC_WARN_UNUSED_FUNCTION = YES;
				GCC_WARN_UNUSED_VARIABLE = YES;
				IPHONEOS_DEPLOYMENT_TARGET = 10.2;
				MTL_ENABLE_DEBUG_INFO = YES;
				ONLY_ACTIVE_ARCH = YES;
				SDKROOT = iphoneos;
				TARGETED_DEVICE_FAMILY = "1,2";
			};
			name = Debug;
		};
		5A2AB5911E1B566C002D1F30 /* Release */ = {
			isa = XCBuildConfiguration;
			buildSettings = {
				ALWAYS_SEARCH_USER_PATHS = NO;
				CLANG_ANALYZER_NONNULL = YES;
				CLANG_CXX_LANGUAGE_STANDARD = "gnu++0x";
				CLANG_CXX_LIBRARY = "libc++";
				CLANG_ENABLE_MODULES = YES;
				CLANG_ENABLE_OBJC_ARC = YES;
				CLANG_WARN_BOOL_CONVERSION = YES;
				CLANG_WARN_CONSTANT_CONVERSION = YES;
				CLANG_WARN_DIRECT_OBJC_ISA_USAGE = YES_ERROR;
				CLANG_WARN_DOCUMENTATION_COMMENTS = YES;
				CLANG_WARN_EMPTY_BODY = YES;
				CLANG_WARN_ENUM_CONVERSION = YES;
				CLANG_WARN_INFINITE_RECURSION = YES;
				CLANG_WARN_INT_CONVERSION = YES;
				CLANG_WARN_OBJC_ROOT_CLASS = YES_ERROR;
				CLANG_WARN_SUSPICIOUS_MOVE = YES;
				CLANG_WARN_UNREACHABLE_CODE = YES;
				CLANG_WARN__DUPLICATE_METHOD_MATCH = YES;
				"CODE_SIGN_IDENTITY[sdk=iphoneos*]" = "iPhone Developer";
				COPY_PHASE_STRIP = NO;
				DEBUG_INFORMATION_FORMAT = "dwarf-with-dsym";
				ENABLE_NS_ASSERTIONS = NO;
				ENABLE_STRICT_OBJC_MSGSEND = YES;
				GCC_C_LANGUAGE_STANDARD = gnu99;
				GCC_NO_COMMON_BLOCKS = YES;
				GCC_WARN_64_TO_32_BIT_CONVERSION = YES;
				GCC_WARN_ABOUT_RETURN_TYPE = YES_ERROR;
				GCC_WARN_UNDECLARED_SELECTOR = YES;
				GCC_WARN_UNINITIALIZED_AUTOS = YES_AGGRESSIVE;
				GCC_WARN_UNUSED_FUNCTION = YES;
				GCC_WARN_UNUSED_VARIABLE = YES;
				IPHONEOS_DEPLOYMENT_TARGET = 10.2;
				MTL_ENABLE_DEBUG_INFO = NO;
				SDKROOT = iphoneos;
				TARGETED_DEVICE_FAMILY = "1,2";
				VALIDATE_PRODUCT = YES;
			};
			name = Release;
		};
		5A2AB5931E1B566C002D1F30 /* Debug */ = {
			isa = XCBuildConfiguration;
			buildSettings = {
				ASSETCATALOG_COMPILER_APPICON_NAME = AppIcon;
				DEVELOPMENT_TEAM = 756Z777W2K;
				INFOPLIST_FILE = "导航栏自定义搜索框/Info.plist";
				LD_RUNPATH_SEARCH_PATHS = "$(inherited) @executable_path/Frameworks";
				PRODUCT_BUNDLE_IDENTIFIER = "window.---------";
				PRODUCT_NAME = "$(TARGET_NAME)";
			};
			name = Debug;
		};
		5A2AB5941E1B566C002D1F30 /* Release */ = {
			isa = XCBuildConfiguration;
			buildSettings = {
				ASSETCATALOG_COMPILER_APPICON_NAME = AppIcon;
				DEVELOPMENT_TEAM = 756Z777W2K;
				INFOPLIST_FILE = "导航栏自定义搜索框/Info.plist";
				LD_RUNPATH_SEARCH_PATHS = "$(inherited) @executable_path/Frameworks";
				PRODUCT_BUNDLE_IDENTIFIER = "window.---------";
				PRODUCT_NAME = "$(TARGET_NAME)";
			};
			name = Release;
		};
		5A2AB5961E1B566C002D1F30 /* Debug */ = {
			isa = XCBuildConfiguration;
			buildSettings = {
				BUNDLE_LOADER = "$(TEST_HOST)";
				DEVELOPMENT_TEAM = 756Z777W2K;
				INFOPLIST_FILE = "导航栏自定义搜索框Tests/Info.plist";
				LD_RUNPATH_SEARCH_PATHS = "$(inherited) @executable_path/Frameworks @loader_path/Frameworks";
				PRODUCT_BUNDLE_IDENTIFIER = "window.---------Tests";
				PRODUCT_NAME = "$(TARGET_NAME)";
				TEST_HOST = "$(BUILT_PRODUCTS_DIR)/导航栏自定义搜索框.app/导航栏自定义搜索框";
			};
			name = Debug;
		};
		5A2AB5971E1B566C002D1F30 /* Release */ = {
			isa = XCBuildConfiguration;
			buildSettings = {
				BUNDLE_LOADER = "$(TEST_HOST)";
				DEVELOPMENT_TEAM = 756Z777W2K;
				INFOPLIST_FILE = "导航栏自定义搜索框Tests/Info.plist";
				LD_RUNPATH_SEARCH_PATHS = "$(inherited) @executable_path/Frameworks @loader_path/Frameworks";
				PRODUCT_BUNDLE_IDENTIFIER = "window.---------Tests";
				PRODUCT_NAME = "$(TARGET_NAME)";
				TEST_HOST = "$(BUILT_PRODUCTS_DIR)/导航栏自定义搜索框.app/导航栏自定义搜索框";
			};
			name = Release;
		};
		5A2AB5991E1B566C002D1F30 /* Debug */ = {
			isa = XCBuildConfiguration;
			buildSettings = {
				DEVELOPMENT_TEAM = 756Z777W2K;
				INFOPLIST_FILE = "导航栏自定义搜索框UITests/Info.plist";
				LD_RUNPATH_SEARCH_PATHS = "$(inherited) @executable_path/Frameworks @loader_path/Frameworks";
				PRODUCT_BUNDLE_IDENTIFIER = "window.---------UITests";
				PRODUCT_NAME = "$(TARGET_NAME)";
				TEST_TARGET_NAME = "导航栏自定义搜索框";
			};
			name = Debug;
		};
		5A2AB59A1E1B566C002D1F30 /* Release */ = {
			isa = XCBuildConfiguration;
			buildSettings = {
				DEVELOPMENT_TEAM = 756Z777W2K;
				INFOPLIST_FILE = "导航栏自定义搜索框UITests/Info.plist";
				LD_RUNPATH_SEARCH_PATHS = "$(inherited) @executable_path/Frameworks @loader_path/Frameworks";
				PRODUCT_BUNDLE_IDENTIFIER = "window.---------UITests";
				PRODUCT_NAME = "$(TARGET_NAME)";
				TEST_TARGET_NAME = "导航栏自定义搜索框";
			};
			name = Release;
		};
/* End XCBuildConfiguration section */

/* Begin XCConfigurationList section */
		5A2AB5601E1B566B002D1F30 /* Build configuration list for PBXProject "导航栏自定义搜索框" */ = {
			isa = XCConfigurationList;
			buildConfigurations = (
				5A2AB5901E1B566C002D1F30 /* Debug */,
				5A2AB5911E1B566C002D1F30 /* Release */,
			);
			defaultConfigurationIsVisible = 0;
			defaultConfigurationName = Release;
		};
		5A2AB5921E1B566C002D1F30 /* Build configuration list for PBXNativeTarget "导航栏自定义搜索框" */ = {
			isa = XCConfigurationList;
			buildConfigurations = (
				5A2AB5931E1B566C002D1F30 /* Debug */,
				5A2AB5941E1B566C002D1F30 /* Release */,
			);
			defaultConfigurationIsVisible = 0;
			defaultConfigurationName = Release;
		};
		5A2AB5951E1B566C002D1F30 /* Build configuration list for PBXNativeTarget "导航栏自定义搜索框Tests" */ = {
			isa = XCConfigurationList;
			buildConfigurations = (
				5A2AB5961E1B566C002D1F30 /* Debug */,
				5A2AB5971E1B566C002D1F30 /* Release */,
			);
			defaultConfigurationIsVisible = 0;
			defaultConfigurationName = Release;
		};
		5A2AB5981E1B566C002D1F30 /* Build configuration list for PBXNativeTarget "导航栏自定义搜索框UITests" */ = {
			isa = XCConfigurationList;
			buildConfigurations = (
				5A2AB5991E1B566C002D1F30 /* Debug */,
				5A2AB59A1E1B566C002D1F30 /* Release */,
			);
			defaultConfigurationIsVisible = 0;
			defaultConfigurationName = Release;
		};
/* End XCConfigurationList section */
	};
	rootObject = 5A2AB55D1E1B566B002D1F30 /* Project object */;
}
